
Microsoft Visual Studio Solution File, Format Version 12.00
# Visual Studio Version 16
VisualStudioVersion = 16.0.30114.105
MinimumVisualStudioVersion = 10.0.40219.1
Project("{FAE04EC0-301F-11D3-BF4B-00C04F79EFBC}") = "CourseLib", "CourseLib\CourseLib.csproj", "{496D3B11-3CEE-4662-BD22-5DB5056AD378}"
EndProject
Project("{FAE04EC0-301F-11D3-BF4B-00C04F79EFBC}") = "UseWebColors", "UseWebColors\UseWebColors.csproj", "{A212BDFD-8CC2-4FF5-B5AE-3A4BCC0C2A68}"
EndProject
Global
	GlobalSection(SolutionConfigurationPlatforms) = preSolution
		Debug|Any CPU = Debug|Any CPU
		Release|Any CPU = Release|Any CPU
	EndGlobalSection
	GlobalSection(ProjectConfigurationPlatforms) = postSolution
		{496D3B11-3CEE-4662-BD22-5DB5056AD378}.Debug|Any CPU.ActiveCfg = Debug|Any CPU
		{496D3B11-3CEE-4662-BD22-5DB5056AD378}.Debug|Any CPU.Build.0 = Debug|Any CPU
		{496D3B11-3CEE-4662-BD22-5DB5056AD378}.Release|Any CPU.ActiveCfg = Release|Any CPU
		{496D3B11-3CEE-4662-BD22-5DB5056AD378}.Release|Any CPU.Build.0 = Release|Any CPU
		{A212BDFD-8CC2-4FF5-B5AE-3A4BCC0C2A68}.Debug|Any CPU.ActiveCfg = Debug|Any CPU
		{A212BDFD-8CC2-4FF5-B5AE-3A4BCC0C2A68}.Debug|Any CPU.Build.0 = Debug|Any CPU
		{A212BDFD-8CC2-4FF5-B5AE-3A4BCC0C2A68}.Release|Any CPU.ActiveCfg = Release|Any CPU
		{A212BDFD-8CC2-4FF5-B5AE-3A4BCC0C2A68}.Release|Any CPU.Build.0 = Release|Any CPU
	EndGlobalSection
	GlobalSection(SolutionProperties) = preSolution
		HideSolutionNode = FALSE
	EndGlobalSection
	GlobalSection(ExtensibilityGlobals) = postSolution
		SolutionGuid = {C713CEA4-887A-4728-B394-8AFFE5A4D694}
	EndGlobalSection
EndGlobal
